
Microsoft Visual Studio Solution File, Format Version 12.00
# Visual Studio 2012
Project("{FAE04EC0-301F-11D3-BF4B-00C04F79EFBC}") = "DelegateGTK.", "DelegateGTK..csproj", "{35E26EBE-55B6-4AC5-9F6E-12F38D961B35}"
EndProject
Global
	GlobalSection(SolutionConfigurationPlatforms) = preSolution
		Debug|x86 = Debug|x86
		Release|x86 = Release|x86
	EndGlobalSection
	GlobalSection(ProjectConfigurationPlatforms) = postSolution
		{35E26EBE-55B6-4AC5-9F6E-12F38D961B35}.Debug|x86.ActiveCfg = Debug|x86
		{35E26EBE-55B6-4AC5-9F6E-12F38D961B35}.Debug|x86.Build.0 = Debug|x86
		{35E26EBE-55B6-4AC5-9F6E-12F38D961B35}.Release|x86.ActiveCfg = Release|x86
		{35E26EBE-55B6-4AC5-9F6E-12F38D961B35}.Release|x86.Build.0 = Release|x86
	EndGlobalSection
EndGlobal
